
Microsoft Visual Studio Solution File, Format Version 12.00
# Visual Studio Version 16
VisualStudioVersion = 16.0.30804.86
MinimumVisualStudioVersion = 10.0.40219.1
Project("{FAE04EC0-301F-11D3-BF4B-00C04F79EFBC}") = "AdventOfCode", "AdventOfCode\AdventOfCode.csproj", "{B27AA1AC-E537-4CF0-B3A5-902637301829}"
EndProject
Global
	GlobalSection(SolutionConfigurationPlatforms) = preSolution
		Debug|Any CPU = Debug|Any CPU
		Release|Any CPU = Release|Any CPU
	EndGlobalSection
	GlobalSection(ProjectConfigurationPlatforms) = postSolution
		{B27AA1AC-E537-4CF0-B3A5-902637301829}.Debug|Any CPU.ActiveCfg = Debug|Any CPU
		{B27AA1AC-E537-4CF0-B3A5-902637301829}.Debug|Any CPU.Build.0 = Debug|Any CPU
		{B27AA1AC-E537-4CF0-B3A5-902637301829}.Release|Any CPU.ActiveCfg = Release|Any CPU
		{B27AA1AC-E537-4CF0-B3A5-902637301829}.Release|Any CPU.Build.0 = Release|Any CPU
	EndGlobalSection
	GlobalSection(SolutionProperties) = preSolution
		HideSolutionNode = FALSE
	EndGlobalSection
	GlobalSection(ExtensibilityGlobals) = postSolution
		SolutionGuid = {2C7568A7-3AC6-4B3E-AA1C-56FB5E85521A}
	EndGlobalSection
EndGlobal
